{
  "name": "travellex",
  "version": "1.0.0",
  "lockfileVersion": 3,
  "requires": true,
  "packages": {
    "": {
      "name": "travellex",
      "version": "1.0.0",
      "description": "Africa-focused travel referral platform for tours and adventure experiences.",
      "engines": {
        "node": ">=18"
      }
    }
  }
}
